
Microsoft Visual Studio Solution File, Format Version 12.00
# Visual Studio Version 17
VisualStudioVersion = 17.10.35004.147
MinimumVisualStudioVersion = 10.0.40219.1
Project("{2150E333-8FDC-42A3-9474-1A3956D46DE8}") = "src", "src", "{C7DA4502-CC94-43C0-BF31-C2C72F0F9A37}"
EndProject
Project("{9A19103F-16F7-4668-BE54-9A1E7A4F7556}") = "FilmoSearchPortal.BLL", "src\FilmoSearchPortal.BLL\FilmoSearchPortal.BLL.csproj", "{656F3CB6-B995-498A-A0DB-875E371406C0}"
EndProject
Project("{9A19103F-16F7-4668-BE54-9A1E7A4F7556}") = "FilmoSearchPortal.DAL", "src\FilmoSearchPortal.DAL\FilmoSearchPortal.DAL.csproj", "{5E04F0B2-4EBE-4A92-BAAE-F9EF40AB3884}"
EndProject
Project("{9A19103F-16F7-4668-BE54-9A1E7A4F7556}") = "FilmoSearchPortal.WebAPI", "src\FilmoSearchPortal.WebAPI\FilmoSearchPortal.WebAPI.csproj", "{1B8D6E67-7EB6-40BB-AE01-16FD517DD2F1}"
EndProject
Project("{2150E333-8FDC-42A3-9474-1A3956D46DE8}") = "tests", "tests", "{8C590215-5E7D-48A7-B928-208CD0DE5EBC}"
EndProject
Project("{FAE04EC0-301F-11D3-BF4B-00C04F79EFBC}") = "FilmoSearchPortal.DAL.Tests", "tests\FilmoSearchPortal.DAL.Tests\FilmoSearchPortal.DAL.Tests.csproj", "{7CD90A86-A0B8-4A0F-BD4F-58989616DD1E}"
EndProject
Project("{FAE04EC0-301F-11D3-BF4B-00C04F79EFBC}") = "FilmoSearchPortal.BLL.Tests", "tests\FilmoSearchPortal.BLL.Tests\FilmoSearchPortal.BLL.Tests.csproj", "{E42593C5-42FE-45C8-82C0-BEA2C738C216}"
EndProject
Global
	GlobalSection(SolutionConfigurationPlatforms) = preSolution
		Debug|Any CPU = Debug|Any CPU
		Release|Any CPU = Release|Any CPU
	EndGlobalSection
	GlobalSection(ProjectConfigurationPlatforms) = postSolution
		{656F3CB6-B995-498A-A0DB-875E371406C0}.Debug|Any CPU.ActiveCfg = Debug|Any CPU
		{656F3CB6-B995-498A-A0DB-875E371406C0}.Debug|Any CPU.Build.0 = Debug|Any CPU
		{656F3CB6-B995-498A-A0DB-875E371406C0}.Release|Any CPU.ActiveCfg = Release|Any CPU
		{656F3CB6-B995-498A-A0DB-875E371406C0}.Release|Any CPU.Build.0 = Release|Any CPU
		{5E04F0B2-4EBE-4A92-BAAE-F9EF40AB3884}.Debug|Any CPU.ActiveCfg = Debug|Any CPU
		{5E04F0B2-4EBE-4A92-BAAE-F9EF40AB3884}.Debug|Any CPU.Build.0 = Debug|Any CPU
		{5E04F0B2-4EBE-4A92-BAAE-F9EF40AB3884}.Release|Any CPU.ActiveCfg = Release|Any CPU
		{5E04F0B2-4EBE-4A92-BAAE-F9EF40AB3884}.Release|Any CPU.Build.0 = Release|Any CPU
		{1B8D6E67-7EB6-40BB-AE01-16FD517DD2F1}.Debug|Any CPU.ActiveCfg = Debug|Any CPU
		{1B8D6E67-7EB6-40BB-AE01-16FD517DD2F1}.Debug|Any CPU.Build.0 = Debug|Any CPU
		{1B8D6E67-7EB6-40BB-AE01-16FD517DD2F1}.Release|Any CPU.ActiveCfg = Release|Any CPU
		{1B8D6E67-7EB6-40BB-AE01-16FD517DD2F1}.Release|Any CPU.Build.0 = Release|Any CPU
		{7CD90A86-A0B8-4A0F-BD4F-58989616DD1E}.Debug|Any CPU.ActiveCfg = Debug|Any CPU
		{7CD90A86-A0B8-4A0F-BD4F-58989616DD1E}.Debug|Any CPU.Build.0 = Debug|Any CPU
		{7CD90A86-A0B8-4A0F-BD4F-58989616DD1E}.Release|Any CPU.ActiveCfg = Release|Any CPU
		{7CD90A86-A0B8-4A0F-BD4F-58989616DD1E}.Release|Any CPU.Build.0 = Release|Any CPU
		{E42593C5-42FE-45C8-82C0-BEA2C738C216}.Debug|Any CPU.ActiveCfg = Debug|Any CPU
		{E42593C5-42FE-45C8-82C0-BEA2C738C216}.Debug|Any CPU.Build.0 = Debug|Any CPU
		{E42593C5-42FE-45C8-82C0-BEA2C738C216}.Release|Any CPU.ActiveCfg = Release|Any CPU
		{E42593C5-42FE-45C8-82C0-BEA2C738C216}.Release|Any CPU.Build.0 = Release|Any CPU
	EndGlobalSection
	GlobalSection(SolutionProperties) = preSolution
		HideSolutionNode = FALSE
	EndGlobalSection
	GlobalSection(NestedProjects) = preSolution
		{656F3CB6-B995-498A-A0DB-875E371406C0} = {C7DA4502-CC94-43C0-BF31-C2C72F0F9A37}
		{5E04F0B2-4EBE-4A92-BAAE-F9EF40AB3884} = {C7DA4502-CC94-43C0-BF31-C2C72F0F9A37}
		{1B8D6E67-7EB6-40BB-AE01-16FD517DD2F1} = {C7DA4502-CC94-43C0-BF31-C2C72F0F9A37}
		{7CD90A86-A0B8-4A0F-BD4F-58989616DD1E} = {8C590215-5E7D-48A7-B928-208CD0DE5EBC}
		{E42593C5-42FE-45C8-82C0-BEA2C738C216} = {8C590215-5E7D-48A7-B928-208CD0DE5EBC}
	EndGlobalSection
	GlobalSection(ExtensibilityGlobals) = postSolution
		SolutionGuid = {E1302C15-F3B0-4AB0-AD86-4D0170B609FD}
	EndGlobalSection
EndGlobal
